// !$*UTF8*$!
{
	archiveVersion = 1;
	classes = {
	};
	objectVersion = 56;
	objects = {

/* Begin PBXBuildFile section */
		FE65194A2A684FD9003B6B20 /* MultiPartTestApp.swift in Sources */ = {isa = PBXBuildFile; fileRef = FE6519492A684FD9003B6B20 /* MultiPartTestApp.swift */; };
		FE65194C2A684FD9003B6B20 /* ContentView.swift in Sources */ = {isa = PBXBuildFile; fileRef = FE65194B2A684FD9003B6B20 /* ContentView.swift */; };
		FE65194E2A684FDB003B6B20 /* Assets.xcassets in Resources */ = {isa = PBXBuildFile; fileRef = FE65194D2A684FDB003B6B20 /* Assets.xcassets */; };
		FE6519512A684FDB003B6B20 /* Preview Assets.xcassets in Resources */ = {isa = PBXBuildFile; fileRef = FE6519502A684FDB003B6B20 /* Preview Assets.xcassets */; };
		FE65195B2A684FDC003B6B20 /* MultiPartTestTests.swift in Sources */ = {isa = PBXBuildFile; fileRef = FE65195A2A684FDC003B6B20 /* MultiPartTestTests.swift */; };
		FE6519652A684FDC003B6B20 /* MultiPartTestUITests.swift in Sources */ = {isa = PBXBuildFile; fileRef = FE6519642A684FDC003B6B20 /* MultiPartTestUITests.swift */; };
		FE6519672A684FDC003B6B20 /* MultiPartTestUITestsLaunchTests.swift in Sources */ = {isa = PBXBuildFile; fileRef = FE6519662A684FDC003B6B20 /* MultiPartTestUITestsLaunchTests.swift */; };
/* End PBXBuildFile section */

/* Begin PBXContainerItemProxy section */
		FE6519572A684FDC003B6B20 /* PBXContainerItemProxy */ = {
			isa = PBXContainerItemProxy;
			containerPortal = FE65193E2A684FD9003B6B20 /* Project object */;
			proxyType = 1;
			remoteGlobalIDString = FE6519452A684FD9003B6B20;
			remoteInfo = MultiPartTest;
		};
		FE6519612A684FDC003B6B20 /* PBXContainerItemProxy */ = {
			isa = PBXContainerItemProxy;
			containerPortal = FE65193E2A684FD9003B6B20 /* Project object */;
			proxyType = 1;
			remoteGlobalIDString = FE6519452A684FD9003B6B20;
			remoteInfo = MultiPartTest;
		};
/* End PBXContainerItemProxy section */

/* Begin PBXFileReference section */
		FE6519462A684FD9003B6B20 /* MultiPartTest.app */ = {isa = PBXFileReference; explicitFileType = wrapper.application; includeInIndex = 0; path = MultiPartTest.app; sourceTree = BUILT_PRODUCTS_DIR; };
		FE6519492A684FD9003B6B20 /* MultiPartTestApp.swift */ = {isa = PBXFileReference; lastKnownFileType = sourcecode.swift; path = MultiPartTestApp.swift; sourceTree = "<group>"; };
		FE65194B2A684FD9003B6B20 /* ContentView.swift */ = {isa = PBXFileReference; lastKnownFileType = sourcecode.swift; path = ContentView.swift; sourceTree = "<group>"; };
		FE65194D2A684FDB003B6B20 /* Assets.xcassets */ = {isa = PBXFileReference; lastKnownFileType = folder.assetcatalog; path = Assets.xcassets; sourceTree = "<group>"; };
		FE6519502A684FDB003B6B20 /* Preview Assets.xcassets */ = {isa = PBXFileReference; lastKnownFileType = folder.assetcatalog; path = "Preview Assets.xcassets"; sourceTree = "<group>"; };
		FE6519562A684FDC003B6B20 /* MultiPartTestTests.xctest */ = {isa = PBXFileReference; explicitFileType = wrapper.cfbundle; includeInIndex = 0; path = MultiPartTestTests.xctest; sourceTree = BUILT_PRODUCTS_DIR; };
		FE65195A2A684FDC003B6B20 /* MultiPartTestTests.swift */ = {isa = PBXFileReference; lastKnownFileType = sourcecode.swift; path = MultiPartTestTests.swift; sourceTree = "<group>"; };
		FE6519602A684FDC003B6B20 /* MultiPartTestUITests.xctest */ = {isa = PBXFileReference; explicitFileType = wrapper.cfbundle; includeInIndex = 0; path = MultiPartTestUITests.xctest; sourceTree = BUILT_PRODUCTS_DIR; };
		FE6519642A684FDC003B6B20 /* MultiPartTestUITests.swift */ = {isa = PBXFileReference; lastKnownFileType = sourcecode.swift; path = MultiPartTestUITests.swift; sourceTree = "<group>"; };
		FE6519662A684FDC003B6B20 /* MultiPartTestUITestsLaunchTests.swift */ = {isa = PBXFileReference; lastKnownFileType = sourcecode.swift; path = MultiPartTestUITestsLaunchTests.swift; sourceTree = "<group>"; };
/* End PBXFileReference section */

/* Begin PBXFrameworksBuildPhase section */
		FE6519432A684FD9003B6B20 /* Frameworks */ = {
			isa = PBXFrameworksBuildPhase;
			buildActionMask = 2147483647;
			files = (
			);
			runOnlyForDeploymentPostprocessing = 0;
		};
		FE6519532A684FDC003B6B20 /* Frameworks */ = {
			isa = PBXFrameworksBuildPhase;
			buildActionMask = 2147483647;
			files = (
			);
			runOnlyForDeploymentPostprocessing = 0;
		};
		FE65195D2A684FDC003B6B20 /* Frameworks */ = {
			isa = PBXFrameworksBuildPhase;
			buildActionMask = 2147483647;
			files = (
			);
			runOnlyForDeploymentPostprocessing = 0;
		};
/* End PBXFrameworksBuildPhase section */

/* Begin PBXGroup section */
		FE65193D2A684FD9003B6B20 = {
			isa = PBXGroup;
			children = (
				FE6519482A684FD9003B6B20 /* MultiPartTest */,
				FE6519592A684FDC003B6B20 /* MultiPartTestTests */,
				FE6519632A684FDC003B6B20 /* MultiPartTestUITests */,
				FE6519472A684FD9003B6B20 /* Products */,
			);
			sourceTree = "<group>";
		};
		FE6519472A684FD9003B6B20 /* Products */ = {
			isa = PBXGroup;
			children = (
				FE6519462A684FD9003B6B20 /* MultiPartTest.app */,
				FE6519562A684FDC003B6B20 /* MultiPartTestTests.xctest */,
				FE6519602A684FDC003B6B20 /* MultiPartTestUITests.xctest */,
			);
			name = Products;
			sourceTree = "<group>";
		};
		FE6519482A684FD9003B6B20 /* MultiPartTest */ = {
			isa = PBXGroup;
			children = (
				FE6519492A684FD9003B6B20 /* MultiPartTestApp.swift */,
				FE65194B2A684FD9003B6B20 /* ContentView.swift */,
				FE65194D2A684FDB003B6B20 /* Assets.xcassets */,
				FE65194F2A684FDB003B6B20 /* Preview Content */,
			);
			path = MultiPartTest;
			sourceTree = "<group>";
		};
		FE65194F2A684FDB003B6B20 /* Preview Content */ = {
			isa = PBXGroup;
			children = (
				FE6519502A684FDB003B6B20 /* Preview Assets.xcassets */,
			);
			path = "Preview Content";
			sourceTree = "<group>";
		};
		FE6519592A684FDC003B6B20 /* MultiPartTestTests */ = {
			isa = PBXGroup;
			children = (
				FE65195A2A684FDC003B6B20 /* MultiPartTestTests.swift */,
			);
			path = MultiPartTestTests;
			sourceTree = "<group>";
		};
		FE6519632A684FDC003B6B20 /* MultiPartTestUITests */ = {
			isa = PBXGroup;
			children = (
				FE6519642A684FDC003B6B20 /* MultiPartTestUITests.swift */,
				FE6519662A684FDC003B6B20 /* MultiPartTestUITestsLaunchTests.swift */,
			);
			path = MultiPartTestUITests;
			sourceTree = "<group>";
		};
/* End PBXGroup section */

/* Begin PBXNativeTarget section */
		FE6519452A684FD9003B6B20 /* MultiPartTest */ = {
			isa = PBXNativeTarget;
			buildConfigurationList = FE65196A2A684FDC003B6B20 /* Build configuration list for PBXNativeTarget "MultiPartTest" */;
			buildPhases = (
				FE6519422A684FD9003B6B20 /* Sources */,
				FE6519432A684FD9003B6B20 /* Frameworks */,
				FE6519442A684FD9003B6B20 /* Resources */,
			);
			buildRules = (
			);
			dependencies = (
			);
			name = MultiPartTest;
			productName = MultiPartTest;
			productReference = FE6519462A684FD9003B6B20 /* MultiPartTest.app */;
			productType = "com.apple.product-type.application";
		};
		FE6519552A684FDC003B6B20 /* MultiPartTestTests */ = {
			isa = PBXNativeTarget;
			buildConfigurationList = FE65196D2A684FDC003B6B20 /* Build configuration list for PBXNativeTarget "MultiPartTestTests" */;
			buildPhases = (
				FE6519522A684FDC003B6B20 /* Sources */,
				FE6519532A684FDC003B6B20 /* Frameworks */,
				FE6519542A684FDC003B6B20 /* Resources */,
			);
			buildRules = (
			);
			dependencies = (
				FE6519582A684FDC003B6B20 /* PBXTargetDependency */,
			);
			name = MultiPartTestTests;
			productName = MultiPartTestTests;
			productReference = FE6519562A684FDC003B6B20 /* MultiPartTestTests.xctest */;
			productType = "com.apple.product-type.bundle.unit-test";
		};
		FE65195F2A684FDC003B6B20 /* MultiPartTestUITests */ = {
			isa = PBXNativeTarget;
			buildConfigurationList = FE6519702A684FDC003B6B20 /* Build configuration list for PBXNativeTarget "MultiPartTestUITests" */;
			buildPhases = (
				FE65195C2A684FDC003B6B20 /* Sources */,
				FE65195D2A684FDC003B6B20 /* Frameworks */,
				FE65195E2A684FDC003B6B20 /* Resources */,
			);
			buildRules = (
			);
			dependencies = (
				FE6519622A684FDC003B6B20 /* PBXTargetDependency */,
			);
			name = MultiPartTestUITests;
			productName = MultiPartTestUITests;
			productReference = FE6519602A684FDC003B6B20 /* MultiPartTestUITests.xctest */;
			productType = "com.apple.product-type.bundle.ui-testing";
		};
/* End PBXNativeTarget section */

/* Begin PBXProject section */
		FE65193E2A684FD9003B6B20 /* Project object */ = {
			isa = PBXProject;
			attributes = {
				BuildIndependentTargetsInParallel = 1;
				LastSwiftUpdateCheck = 1430;
				LastUpgradeCheck = 1430;
				TargetAttributes = {
					FE6519452A684FD9003B6B20 = {
						CreatedOnToolsVersion = 14.3.1;
					};
					FE6519552A684FDC003B6B20 = {
						CreatedOnToolsVersion = 14.3.1;
						TestTargetID = FE6519452A684FD9003B6B20;
					};
					FE65195F2A684FDC003B6B20 = {
						CreatedOnToolsVersion = 14.3.1;
						TestTargetID = FE6519452A684FD9003B6B20;
					};
				};
			};
			buildConfigurationList = FE6519412A684FD9003B6B20 /* Build configuration list for PBXProject "MultiPartTest" */;
			compatibilityVersion = "Xcode 14.0";
			developmentRegion = en;
			hasScannedForEncodings = 0;
			knownRegions = (
				en,
				Base,
			);
			mainGroup = FE65193D2A684FD9003B6B20;
			productRefGroup = FE6519472A684FD9003B6B20 /* Products */;
			projectDirPath = "";
			projectRoot = "";
			targets = (
				FE6519452A684FD9003B6B20 /* MultiPartTest */,
				FE6519552A684FDC003B6B20 /* MultiPartTestTests */,
				FE65195F2A684FDC003B6B20 /* MultiPartTestUITests */,
			);
		};
/* End PBXProject section */

/* Begin PBXResourcesBuildPhase section */
		FE6519442A684FD9003B6B20 /* Resources */ = {
			isa = PBXResourcesBuildPhase;
			buildActionMask = 2147483647;
			files = (
				FE6519512A684FDB003B6B20 /* Preview Assets.xcassets in Resources */,
				FE65194E2A684FDB003B6B20 /* Assets.xcassets in Resources */,
			);
			runOnlyForDeploymentPostprocessing = 0;
		};
		FE6519542A684FDC003B6B20 /* Resources */ = {
			isa = PBXResourcesBuildPhase;
			buildActionMask = 2147483647;
			files = (
			);
			runOnlyForDeploymentPostprocessing = 0;
		};
		FE65195E2A684FDC003B6B20 /* Resources */ = {
			isa = PBXResourcesBuildPhase;
			buildActionMask = 2147483647;
			files = (
			);
			runOnlyForDeploymentPostprocessing = 0;
		};
/* End PBXResourcesBuildPhase section */

/* Begin PBXSourcesBuildPhase section */
		FE6519422A684FD9003B6B20 /* Sources */ = {
			isa = PBXSourcesBuildPhase;
			buildActionMask = 2147483647;
			files = (
				FE65194C2A684FD9003B6B20 /* ContentView.swift in Sources */,
				FE65194A2A684FD9003B6B20 /* MultiPartTestApp.swift in Sources */,
			);
			runOnlyForDeploymentPostprocessing = 0;
		};
		FE6519522A684FDC003B6B20 /* Sources */ = {
			isa = PBXSourcesBuildPhase;
			buildActionMask = 2147483647;
			files = (
				FE65195B2A684FDC003B6B20 /* MultiPartTestTests.swift in Sources */,
			);
			runOnlyForDeploymentPostprocessing = 0;
		};
		FE65195C2A684FDC003B6B20 /* Sources */ = {
			isa = PBXSourcesBuildPhase;
			buildActionMask = 2147483647;
			files = (
				FE6519652A684FDC003B6B20 /* MultiPartTestUITests.swift in Sources */,
				FE6519672A684FDC003B6B20 /* MultiPartTestUITestsLaunchTests.swift in Sources */,
			);
			runOnlyForDeploymentPostprocessing = 0;
		};
/* End PBXSourcesBuildPhase section */

/* Begin PBXTargetDependency section */
		FE6519582A684FDC003B6B20 /* PBXTargetDependency */ = {
			isa = PBXTargetDependency;
			target = FE6519452A684FD9003B6B20 /* MultiPartTest */;
			targetProxy = FE6519572A684FDC003B6B20 /* PBXContainerItemProxy */;
		};
		FE6519622A684FDC003B6B20 /* PBXTargetDependency */ = {
			isa = PBXTargetDependency;
			target = FE6519452A684FD9003B6B20 /* MultiPartTest */;
			targetProxy = FE6519612A684FDC003B6B20 /* PBXContainerItemProxy */;
		};
/* End PBXTargetDependency section */

/* Begin XCBuildConfiguration section */
		FE6519682A684FDC003B6B20 /* Debug */ = {
			isa = XCBuildConfiguration;
			buildSettings = {
				ALWAYS_SEARCH_USER_PATHS = NO;
				CLANG_ANALYZER_NONNULL = YES;
				CLANG_ANALYZER_NUMBER_OBJECT_CONVERSION = YES_AGGRESSIVE;
				CLANG_CXX_LANGUAGE_STANDARD = "gnu++20";
				CLANG_ENABLE_MODULES = YES;
				CLANG_ENABLE_OBJC_ARC = YES;
				CLANG_ENABLE_OBJC_WEAK = YES;
				CLANG_WARN_BLOCK_CAPTURE_AUTORELEASING = YES;
				CLANG_WARN_BOOL_CONVERSION = YES;
				CLANG_WARN_COMMA = YES;
				CLANG_WARN_CONSTANT_CONVERSION = YES;
				CLANG_WARN_DEPRECATED_OBJC_IMPLEMENTATIONS = YES;
				CLANG_WARN_DIRECT_OBJC_ISA_USAGE = YES_ERROR;
				CLANG_WARN_DOCUMENTATION_COMMENTS = YES;
				CLANG_WARN_EMPTY_BODY = YES;
				CLANG_WARN_ENUM_CONVERSION = YES;
				CLANG_WARN_INFINITE_RECURSION = YES;
				CLANG_WARN_INT_CONVERSION = YES;
				CLANG_WARN_NON_LITERAL_NULL_CONVERSION = YES;
				CLANG_WARN_OBJC_IMPLICIT_RETAIN_SELF = YES;
				CLANG_WARN_OBJC_LITERAL_CONVERSION = YES;
				CLANG_WARN_OBJC_ROOT_CLASS = YES_ERROR;
				CLANG_WARN_QUOTED_INCLUDE_IN_FRAMEWORK_HEADER = YES;
				CLANG_WARN_RANGE_LOOP_ANALYSIS = YES;
				CLANG_WARN_STRICT_PROTOTYPES = YES;
				CLANG_WARN_SUSPICIOUS_MOVE = YES;
				CLANG_WARN_UNGUARDED_AVAILABILITY = YES_AGGRESSIVE;
				CLANG_WARN_UNREACHABLE_CODE = YES;
				CLANG_WARN__DUPLICATE_METHOD_MATCH = YES;
				COPY_PHASE_STRIP = NO;
				DEBUG_INFORMATION_FORMAT = dwarf;
				ENABLE_STRICT_OBJC_MSGSEND = YES;
				ENABLE_TESTABILITY = YES;
				GCC_C_LANGUAGE_STANDARD = gnu11;
				GCC_DYNAMIC_NO_PIC = NO;
				GCC_NO_COMMON_BLOCKS = YES;
				GCC_OPTIMIZATION_LEVEL = 0;
				GCC_PREPROCESSOR_DEFINITIONS = (
					"DEBUG=1",
					"$(inherited)",
				);
				GCC_WARN_64_TO_32_BIT_CONVERSION = YES;
				GCC_WARN_ABOUT_RETURN_TYPE = YES_ERROR;
				GCC_WARN_UNDECLARED_SELECTOR = YES;
				GCC_WARN_UNINITIALIZED_AUTOS = YES_AGGRESSIVE;
				GCC_WARN_UNUSED_FUNCTION = YES;
				GCC_WARN_UNUSED_VARIABLE = YES;
				IPHONEOS_DEPLOYMENT_TARGET = 16.4;
				MTL_ENABLE_DEBUG_INFO = INCLUDE_SOURCE;
				MTL_FAST_MATH = YES;
				ONLY_ACTIVE_ARCH = YES;
				SDKROOT = iphoneos;
				SWIFT_ACTIVE_COMPILATION_CONDITIONS = DEBUG;
				SWIFT_OPTIMIZATION_LEVEL = "-Onone";
			};
			name = Debug;
		};
		FE6519692A684FDC003B6B20 /* Release */ = {
			isa = XCBuildConfiguration;
			buildSettings = {
				ALWAYS_SEARCH_USER_PATHS = NO;
				CLANG_ANALYZER_NONNULL = YES;
				CLANG_ANALYZER_NUMBER_OBJECT_CONVERSION = YES_AGGRESSIVE;
				CLANG_CXX_LANGUAGE_STANDARD = "gnu++20";
				CLANG_ENABLE_MODULES = YES;
				CLANG_ENABLE_OBJC_ARC = YES;
				CLANG_ENABLE_OBJC_WEAK = YES;
				CLANG_WARN_BLOCK_CAPTURE_AUTORELEASING = YES;
				CLANG_WARN_BOOL_CONVERSION = YES;
				CLANG_WARN_COMMA = YES;
				CLANG_WARN_CONSTANT_CONVERSION = YES;
				CLANG_WARN_DEPRECATED_OBJC_IMPLEMENTATIONS = YES;
				CLANG_WARN_DIRECT_OBJC_ISA_USAGE = YES_ERROR;
				CLANG_WARN_DOCUMENTATION_COMMENTS = YES;
				CLANG_WARN_EMPTY_BODY = YES;
				CLANG_WARN_ENUM_CONVERSION = YES;
				CLANG_WARN_INFINITE_RECURSION = YES;
				CLANG_WARN_INT_CONVERSION = YES;
				CLANG_WARN_NON_LITERAL_NULL_CONVERSION = YES;
				CLANG_WARN_OBJC_IMPLICIT_RETAIN_SELF = YES;
				CLANG_WARN_OBJC_LITERAL_CONVERSION = YES;
				CLANG_WARN_OBJC_ROOT_CLASS = YES_ERROR;
				CLANG_WARN_QUOTED_INCLUDE_IN_FRAMEWORK_HEADER = YES;
				CLANG_WARN_RANGE_LOOP_ANALYSIS = YES;
				CLANG_WARN_STRICT_PROTOTYPES = YES;
				CLANG_WARN_SUSPICIOUS_MOVE = YES;
				CLANG_WARN_UNGUARDED_AVAILABILITY = YES_AGGRESSIVE;
				CLANG_WARN_UNREACHABLE_CODE = YES;
				CLANG_WARN__DUPLICATE_METHOD_MATCH = YES;
				COPY_PHASE_STRIP = NO;
				DEBUG_INFORMATION_FORMAT = "dwarf-with-dsym";
				ENABLE_NS_ASSERTIONS = NO;
				ENABLE_STRICT_OBJC_MSGSEND = YES;
				GCC_C_LANGUAGE_STANDARD = gnu11;
				GCC_NO_COMMON_BLOCKS = YES;
				GCC_WARN_64_TO_32_BIT_CONVERSION = YES;
				GCC_WARN_ABOUT_RETURN_TYPE = YES_ERROR;
				GCC_WARN_UNDECLARED_SELECTOR = YES;
				GCC_WARN_UNINITIALIZED_AUTOS = YES_AGGRESSIVE;
				GCC_WARN_UNUSED_FUNCTION = YES;
				GCC_WARN_UNUSED_VARIABLE = YES;
				IPHONEOS_DEPLOYMENT_TARGET = 16.4;
				MTL_ENABLE_DEBUG_INFO = NO;
				MTL_FAST_MATH = YES;
				SDKROOT = iphoneos;
				SWIFT_COMPILATION_MODE = wholemodule;
				SWIFT_OPTIMIZATION_LEVEL = "-O";
				VALIDATE_PRODUCT = YES;
			};
			name = Release;
		};
		FE65196B2A684FDC003B6B20 /* Debug */ = {
			isa = XCBuildConfiguration;
			buildSettings = {
				ASSETCATALOG_COMPILER_APPICON_NAME = AppIcon;
				ASSETCATALOG_COMPILER_GLOBAL_ACCENT_COLOR_NAME = AccentColor;
				CODE_SIGN_STYLE = Automatic;
				CURRENT_PROJECT_VERSION = 1;
				DEVELOPMENT_ASSET_PATHS = "\"MultiPartTest/Preview Content\"";
				DEVELOPMENT_TEAM = LNQ7H6RWUV;
				ENABLE_PREVIEWS = YES;
				GENERATE_INFOPLIST_FILE = YES;
				INFOPLIST_KEY_UIApplicationSceneManifest_Generation = YES;
				INFOPLIST_KEY_UIApplicationSupportsIndirectInputEvents = YES;
				INFOPLIST_KEY_UILaunchScreen_Generation = YES;
				INFOPLIST_KEY_UISupportedInterfaceOrientations_iPad = "UIInterfaceOrientationPortrait UIInterfaceOrientationPortraitUpsideDown UIInterfaceOrientationLandscapeLeft UIInterfaceOrientationLandscapeRight";
				INFOPLIST_KEY_UISupportedInterfaceOrientations_iPhone = "UIInterfaceOrientationPortrait UIInterfaceOrientationLandscapeLeft UIInterfaceOrientationLandscapeRight";
				LD_RUNPATH_SEARCH_PATHS = (
					"$(inherited)",
					"@executable_path/Frameworks",
				);
				MARKETING_VERSION = 1.0;
				PRODUCT_BUNDLE_IDENTIFIER = globalsoftm.MultiPartTest;
				PRODUCT_NAME = "$(TARGET_NAME)";
				SWIFT_EMIT_LOC_STRINGS = YES;
				SWIFT_VERSION = 5.0;
				TARGETED_DEVICE_FAMILY = "1,2";
			};
			name = Debug;
		};
		FE65196C2A684FDC003B6B20 /* Release */ = {
			isa = XCBuildConfiguration;
			buildSettings = {
				ASSETCATALOG_COMPILER_APPICON_NAME = AppIcon;
				ASSETCATALOG_COMPILER_GLOBAL_ACCENT_COLOR_NAME = AccentColor;
				CODE_SIGN_STYLE = Automatic;
				CURRENT_PROJECT_VERSION = 1;
				DEVELOPMENT_ASSET_PATHS = "\"MultiPartTest/Preview Content\"";
				DEVELOPMENT_TEAM = LNQ7H6RWUV;
				ENABLE_PREVIEWS = YES;
				GENERATE_INFOPLIST_FILE = YES;
				INFOPLIST_KEY_UIApplicationSceneManifest_Generation = YES;
				INFOPLIST_KEY_UIApplicationSupportsIndirectInputEvents = YES;
				INFOPLIST_KEY_UILaunchScreen_Generation = YES;
				INFOPLIST_KEY_UISupportedInterfaceOrientations_iPad = "UIInterfaceOrientationPortrait UIInterfaceOrientationPortraitUpsideDown UIInterfaceOrientationLandscapeLeft UIInterfaceOrientationLandscapeRight";
				INFOPLIST_KEY_UISupportedInterfaceOrientations_iPhone = "UIInterfaceOrientationPortrait UIInterfaceOrientationLandscapeLeft UIInterfaceOrientationLandscapeRight";
				LD_RUNPATH_SEARCH_PATHS = (
					"$(inherited)",
					"@executable_path/Frameworks",
				);
				MARKETING_VERSION = 1.0;
				PRODUCT_BUNDLE_IDENTIFIER = globalsoftm.MultiPartTest;
				PRODUCT_NAME = "$(TARGET_NAME)";
				SWIFT_EMIT_LOC_STRINGS = YES;
				SWIFT_VERSION = 5.0;
				TARGETED_DEVICE_FAMILY = "1,2";
			};
			name = Release;
		};
		FE65196E2A684FDC003B6B20 /* Debug */ = {
			isa = XCBuildConfiguration;
			buildSettings = {
				ALWAYS_EMBED_SWIFT_STANDARD_LIBRARIES = YES;
				BUNDLE_LOADER = "$(TEST_HOST)";
				CODE_SIGN_STYLE = Automatic;
				CURRENT_PROJECT_VERSION = 1;
				DEVELOPMENT_TEAM = LNQ7H6RWUV;
				GENERATE_INFOPLIST_FILE = YES;
				IPHONEOS_DEPLOYMENT_TARGET = 16.4;
				MARKETING_VERSION = 1.0;
				PRODUCT_BUNDLE_IDENTIFIER = globalsoftm.MultiPartTestTests;
				PRODUCT_NAME = "$(TARGET_NAME)";
				SWIFT_EMIT_LOC_STRINGS = NO;
				SWIFT_VERSION = 5.0;
				TARGETED_DEVICE_FAMILY = "1,2";
				TEST_HOST = "$(BUILT_PRODUCTS_DIR)/MultiPartTest.app/$(BUNDLE_EXECUTABLE_FOLDER_PATH)/MultiPartTest";
			};
			name = Debug;
		};
		FE65196F2A684FDC003B6B20 /* Release */ = {
			isa = XCBuildConfiguration;
			buildSettings = {
				ALWAYS_EMBED_SWIFT_STANDARD_LIBRARIES = YES;
				BUNDLE_LOADER = "$(TEST_HOST)";
				CODE_SIGN_STYLE = Automatic;
				CURRENT_PROJECT_VERSION = 1;
				DEVELOPMENT_TEAM = LNQ7H6RWUV;
				GENERATE_INFOPLIST_FILE = YES;
				IPHONEOS_DEPLOYMENT_TARGET = 16.4;
				MARKETING_VERSION = 1.0;
				PRODUCT_BUNDLE_IDENTIFIER = globalsoftm.MultiPartTestTests;
				PRODUCT_NAME = "$(TARGET_NAME)";
				SWIFT_EMIT_LOC_STRINGS = NO;
				SWIFT_VERSION = 5.0;
				TARGETED_DEVICE_FAMILY = "1,2";
				TEST_HOST = "$(BUILT_PRODUCTS_DIR)/MultiPartTest.app/$(BUNDLE_EXECUTABLE_FOLDER_PATH)/MultiPartTest";
			};
			name = Release;
		};
		FE6519712A684FDC003B6B20 /* Debug */ = {
			isa = XCBuildConfiguration;
			buildSettings = {
				ALWAYS_EMBED_SWIFT_STANDARD_LIBRARIES = YES;
				CODE_SIGN_STYLE = Automatic;
				CURRENT_PROJECT_VERSION = 1;
				DEVELOPMENT_TEAM = LNQ7H6RWUV;
				GENERATE_INFOPLIST_FILE = YES;
				MARKETING_VERSION = 1.0;
				PRODUCT_BUNDLE_IDENTIFIER = globalsoftm.MultiPartTestUITests;
				PRODUCT_NAME = "$(TARGET_NAME)";
				SWIFT_EMIT_LOC_STRINGS = NO;
				SWIFT_VERSION = 5.0;
				TARGETED_DEVICE_FAMILY = "1,2";
				TEST_TARGET_NAME = MultiPartTest;
			};
			name = Debug;
		};
		FE6519722A684FDC003B6B20 /* Release */ = {
			isa = XCBuildConfiguration;
			buildSettings = {
				ALWAYS_EMBED_SWIFT_STANDARD_LIBRARIES = YES;
				CODE_SIGN_STYLE = Automatic;
				CURRENT_PROJECT_VERSION = 1;
				DEVELOPMENT_TEAM = LNQ7H6RWUV;
				GENERATE_INFOPLIST_FILE = YES;
				MARKETING_VERSION = 1.0;
				PRODUCT_BUNDLE_IDENTIFIER = globalsoftm.MultiPartTestUITests;
				PRODUCT_NAME = "$(TARGET_NAME)";
				SWIFT_EMIT_LOC_STRINGS = NO;
				SWIFT_VERSION = 5.0;
				TARGETED_DEVICE_FAMILY = "1,2";
				TEST_TARGET_NAME = MultiPartTest;
			};
			name = Release;
		};
/* End XCBuildConfiguration section */

/* Begin XCConfigurationList section */
		FE6519412A684FD9003B6B20 /* Build configuration list for PBXProject "MultiPartTest" */ = {
			isa = XCConfigurationList;
			buildConfigurations = (
				FE6519682A684FDC003B6B20 /* Debug */,
				FE6519692A684FDC003B6B20 /* Release */,
			);
			defaultConfigurationIsVisible = 0;
			defaultConfigurationName = Release;
		};
		FE65196A2A684FDC003B6B20 /* Build configuration list for PBXNativeTarget "MultiPartTest" */ = {
			isa = XCConfigurationList;
			buildConfigurations = (
				FE65196B2A684FDC003B6B20 /* Debug */,
				FE65196C2A684FDC003B6B20 /* Release */,
			);
			defaultConfigurationIsVisible = 0;
			defaultConfigurationName = Release;
		};
		FE65196D2A684FDC003B6B20 /* Build configuration list for PBXNativeTarget "MultiPartTestTests" */ = {
			isa = XCConfigurationList;
			buildConfigurations = (
				FE65196E2A684FDC003B6B20 /* Debug */,
				FE65196F2A684FDC003B6B20 /* Release */,
			);
			defaultConfigurationIsVisible = 0;
			defaultConfigurationName = Release;
		};
		FE6519702A684FDC003B6B20 /* Build configuration list for PBXNativeTarget "MultiPartTestUITests" */ = {
			isa = XCConfigurationList;
			buildConfigurations = (
				FE6519712A684FDC003B6B20 /* Debug */,
				FE6519722A684FDC003B6B20 /* Release */,
			);
			defaultConfigurationIsVisible = 0;
			defaultConfigurationName = Release;
		};
/* End XCConfigurationList section */
	};
	rootObject = FE65193E2A684FD9003B6B20 /* Project object */;
}
